
Microsoft Visual Studio Solution File, Format Version 12.00
# Visual Studio Version 17
VisualStudioVersion = 17.0.31903.59
MinimumVisualStudioVersion = 10.0.40219.1
Project("{9A19103F-16F7-4668-BE54-9A1E7A4F7556}") = "AdventOfCode2021", "AdventOfCode2021\AdventOfCode2021.csproj", "{D58DBE04-25A2-4FF2-896A-96D98FF067F9}"
EndProject
Project("{9A19103F-16F7-4668-BE54-9A1E7A4F7556}") = "AdventOfCode2021.Tests", "AdventOfCode2021.Tests\AdventOfCode2021.Tests.csproj", "{E1884636-37A9-4729-ABD4-A89291C918CE}"
EndProject
Project("{2150E333-8FDC-42A3-9474-1A3956D46DE8}") = "Solution Items", "Solution Items", "{F193A997-BA60-4AF5-8F6E-F04FEEB673E6}"
	ProjectSection(SolutionItems) = preProject
		.editorconfig = .editorconfig
	EndProjectSection
EndProject
Global
	GlobalSection(SolutionConfigurationPlatforms) = preSolution
		Debug|Any CPU = Debug|Any CPU
		Release|Any CPU = Release|Any CPU
	EndGlobalSection
	GlobalSection(ProjectConfigurationPlatforms) = postSolution
		{D58DBE04-25A2-4FF2-896A-96D98FF067F9}.Debug|Any CPU.ActiveCfg = Debug|Any CPU
		{D58DBE04-25A2-4FF2-896A-96D98FF067F9}.Debug|Any CPU.Build.0 = Debug|Any CPU
		{D58DBE04-25A2-4FF2-896A-96D98FF067F9}.Release|Any CPU.ActiveCfg = Release|Any CPU
		{D58DBE04-25A2-4FF2-896A-96D98FF067F9}.Release|Any CPU.Build.0 = Release|Any CPU
		{E1884636-37A9-4729-ABD4-A89291C918CE}.Debug|Any CPU.ActiveCfg = Debug|Any CPU
		{E1884636-37A9-4729-ABD4-A89291C918CE}.Debug|Any CPU.Build.0 = Debug|Any CPU
		{E1884636-37A9-4729-ABD4-A89291C918CE}.Release|Any CPU.ActiveCfg = Release|Any CPU
		{E1884636-37A9-4729-ABD4-A89291C918CE}.Release|Any CPU.Build.0 = Release|Any CPU
	EndGlobalSection
	GlobalSection(SolutionProperties) = preSolution
		HideSolutionNode = FALSE
	EndGlobalSection
	GlobalSection(ExtensibilityGlobals) = postSolution
		SolutionGuid = {88B821AC-5E8D-4920-9925-76F0847B67B6}
	EndGlobalSection
EndGlobal
